<?xml version="1.0" encoding="utf-8"?>
<Project ToolsVersion="4.0" xmlns="http://schemas.microsoft.com/developer/msbuild/2003">
  <ItemGroup>
    <Filter Include="grammar">
      <UniqueIdentifier>{4961f411-a40a-475f-9cc2-c8f6e0be01ee}</UniqueIdentifier>
    </Filter>
    <Filter Include="NuclearLang">
      <UniqueIdentifier>{b5f09d8e-4162-45ce-8c59-d676a1c7e730}</UniqueIdentifier>
    </Filter>
    <Filter Include="NuclearLangVM">
      <UniqueIdentifier>{39772ae8-a7f7-4308-8103-2091915938f1}</UniqueIdentifier>
    </Filter>
    <Filter Include="parser">
      <UniqueIdentifier>{607de490-a2ce-4aee-abdf-12b812fc8080}</UniqueIdentifier>
    </Filter>
    <Filter Include="for90std">
      <UniqueIdentifier>{76832b9e-16a1-453a-bbc2-bd7d5366a598}</UniqueIdentifier>
    </Filter>
    <Filter Include="target">
      <UniqueIdentifier>{9da2175c-f44d-4aed-849b-93c43f413c0c}</UniqueIdentifier>
    </Filter>
  </ItemGroup>
  <ItemGroup>
    <ClCompile Include="..\..\for90std\for90std.cpp">
      <Filter>for90std</Filter>
    </ClCompile>
    <ClCompile Include="..\..\for90std\forlang.cpp">
      <Filter>for90std</Filter>
    </ClCompile>
    <ClCompile Include="..\..\for90std\forstdio.cpp">
      <Filter>for90std</Filter>
    </ClCompile>
    <ClCompile Include="..\..\for90std\farray.cpp">
      <Filter>for90std</Filter>
    </ClCompile>
    <ClCompile Include="..\..\for90std\forfilesys.cpp">
      <Filter>for90std</Filter>
    </ClCompile>
    <ClCompile Include="..\..\src\parser\attribute.cpp">
      <Filter>parser</Filter>
    </ClCompile>
    <ClCompile Include="..\..\src\parser\parser.cpp">
      <Filter>parser</Filter>
    </ClCompile>
    <ClCompile Include="..\..\src\parser\scanner.cpp">
      <Filter>parser</Filter>
    </ClCompile>
    <ClCompile Include="..\..\src\parser\tokenizer.cpp">
      <Filter>parser</Filter>
    </ClCompile>
    <ClCompile Include="..\..\src\parser\Function.cpp">
      <Filter>NuclearLang</Filter>
    </ClCompile>
    <ClCompile Include="..\..\src\parser\Intent.cpp">
      <Filter>NuclearLang</Filter>
    </ClCompile>
    <ClCompile Include="..\..\src\parser\Variable.cpp">
      <Filter>NuclearLang</Filter>
    </ClCompile>
    <ClCompile Include="..\..\src\target\gen_vardef.cpp">
      <Filter>target</Filter>
    </ClCompile>
    <ClCompile Include="..\..\src\target\gen_attr_describer.cpp">
      <Filter>target</Filter>
    </ClCompile>
    <ClCompile Include="..\..\src\target\gen_stmt.cpp">
      <Filter>target</Filter>
    </ClCompile>
    <ClCompile Include="..\..\src\target\gen_type.cpp">
      <Filter>target</Filter>
    </ClCompile>
    <ClCompile Include="..\..\src\target\gen_feature.cpp">
      <Filter>target</Filter>
    </ClCompile>
    <ClCompile Include="..\..\src\target\gen_variable.cpp">
      <Filter>target</Filter>
    </ClCompile>
    <ClCompile Include="..\..\src\target\gen_io.cpp">
      <Filter>target</Filter>
    </ClCompile>
    <ClCompile Include="..\..\src\target\gen_callable.cpp">
      <Filter>target</Filter>
    </ClCompile>
    <ClCompile Include="..\..\src\target\gen_exp.cpp">
      <Filter>target</Filter>
    </ClCompile>
    <ClCompile Include="..\..\src\target\gen_suite.cpp">
      <Filter>target</Filter>
    </ClCompile>
    <ClCompile Include="..\..\src\target\gen_function.cpp">
      <Filter>target</Filter>
    </ClCompile>
    <ClCompile Include="..\..\src\target\gen_label.cpp">
      <Filter>target</Filter>
    </ClCompile>
    <ClCompile Include="..\..\src\target\gen_arraybuilder.cpp">
      <Filter>target</Filter>
    </ClCompile>
    <ClCompile Include="..\..\src\target\lazygen.cpp">
      <Filter>target</Filter>
    </ClCompile>
    <ClCompile Include="..\..\src\target\gen_do.cpp">
      <Filter>target</Filter>
    </ClCompile>
    <ClCompile Include="..\..\src\target\gen_dimenslice.cpp">
      <Filter>target</Filter>
    </ClCompile>
    <ClCompile Include="..\..\src\target\gen_doc.cpp">
      <Filter>target</Filter>
    </ClCompile>
    <ClCompile Include="..\..\src\target\gen_if.cpp">
      <Filter>target</Filter>
    </ClCompile>
    <ClCompile Include="..\..\src\target\gen_select.cpp">
      <Filter>target</Filter>
    </ClCompile>
    <ClCompile Include="..\..\src\target\gen_paramtable.cpp">
      <Filter>target</Filter>
    </ClCompile>
    <ClCompile Include="..\..\src\target\codegen.cpp">
      <Filter>target</Filter>
    </ClCompile>
    <ClCompile Include="..\..\src\target\gen_program.cpp">
      <Filter>target</Filter>
    </ClCompile>
    <ClCompile Include="..\..\src\target\gen_config.cpp">
      <Filter>target</Filter>
    </ClCompile>
    <ClCompile Include="..\..\src\develop.cpp" />
    <ClCompile Include="..\..\src\getopt.cpp" />
    <ClCompile Include="..\..\src\main.cpp" />
    <ClCompile Include="..\..\src\grammar\for90.tab.cpp">
      <Filter>grammar</Filter>
    </ClCompile>
    <ClCompile Include="..\..\src\grammar\simple_lexer.cpp">
      <Filter>grammar</Filter>
    </ClCompile>
    <ClCompile Include="..\..\src\grammar\for90.flex.cpp">
      <Filter>grammar</Filter>
    </ClCompile>
  </ItemGroup>
  <ItemGroup>
    <ClInclude Include="..\..\for90std\for1array.h">
      <Filter>for90std</Filter>
    </ClInclude>
    <ClInclude Include="..\..\for90std\formath.h">
      <Filter>for90std</Filter>
    </ClInclude>
    <ClInclude Include="..\..\for90std\forlang.h">
      <Filter>for90std</Filter>
    </ClInclude>
    <ClInclude Include="..\..\for90std\for90std.h">
      <Filter>for90std</Filter>
    </ClInclude>
    <ClInclude Include="..\..\for90std\forstdio.h">
      <Filter>for90std</Filter>
    </ClInclude>
    <ClInclude Include="..\..\for90std\fortime.h">
      <Filter>for90std</Filter>
    </ClInclude>
    <ClInclude Include="..\..\for90std\farray.h">
      <Filter>for90std</Filter>
    </ClInclude>
    <ClInclude Include="..\..\for90std\forarray_common.h">
      <Filter>for90std</Filter>
    </ClInclude>
    <ClInclude Include="..\..\for90std\utils.h">
      <Filter>for90std</Filter>
    </ClInclude>
    <ClInclude Include="..\..\for90std\forfilesys.h">
      <Filter>for90std</Filter>
    </ClInclude>
    <ClInclude Include="..\..\src\parser\attribute.h">
      <Filter>parser</Filter>
    </ClInclude>
    <ClInclude Include="..\..\src\parser\context.h">
      <Filter>parser</Filter>
    </ClInclude>
    <ClInclude Include="..\..\src\parser\parser.h">
      <Filter>parser</Filter>
    </ClInclude>
    <ClInclude Include="..\..\src\parser\tokenizer.h">
      <Filter>parser</Filter>
    </ClInclude>
    <ClInclude Include="..\..\src\parser\enum_reflect.h">
      <Filter>NuclearLang</Filter>
    </ClInclude>
    <ClInclude Include="..\..\src\parser\Function.h">
      <Filter>NuclearLang</Filter>
    </ClInclude>
    <ClInclude Include="..\..\src\parser\Intent.h">
      <Filter>NuclearLang</Filter>
    </ClInclude>
    <ClInclude Include="..\..\src\parser\Variable.h">
      <Filter>NuclearLang</Filter>
    </ClInclude>
    <ClInclude Include="..\..\src\grammar\for90.tab.h">
      <Filter>grammar</Filter>
    </ClInclude>
    <ClInclude Include="..\..\src\target\codegen.h">
      <Filter>target</Filter>
    </ClInclude>
    <ClInclude Include="..\..\src\target\gen_config.h">
      <Filter>target</Filter>
    </ClInclude>
    <ClInclude Include="..\..\src\target\gen_common.h">
      <Filter>target</Filter>
    </ClInclude>
    <ClInclude Include="..\..\src\develop.h" />
    <ClInclude Include="..\..\src\general_config.h" />
    <ClInclude Include="..\..\src\getopt.h" />
    <ClInclude Include="..\..\src\utf8.h" />
    <ClInclude Include="..\..\src\grammar\simple_lexer.h">
      <Filter>grammar</Filter>
    </ClInclude>
  </ItemGroup>
  <ItemGroup>
    <None Include="..\..\README.md" />
    <None Include="..\..\todolist.md" />
    <None Include="..\..\cn.md" />
    <None Include="..\..\Develop.md" />
  </ItemGroup>
  <ItemGroup>
    <Bison Include="..\..\src\grammar\for90.y">
      <Filter>grammar</Filter>
    </Bison>
  </ItemGroup>
  <ItemGroup>
    <Flex Include="..\..\src\grammar\for90.l">
      <Filter>grammar</Filter>
    </Flex>
  </ItemGroup>
</Project>